
Microsoft Visual Studio Solution File, Format Version 12.00
# Visual Studio Version 17
VisualStudioVersion = 17.9.34310.174
MinimumVisualStudioVersion = 10.0.40219.1
Project("{9A19103F-16F7-4668-BE54-9A1E7A4F7556}") = "DapperNLayer.API", "DapperNLayer.API\DapperNLayer.API.csproj", "{BE378ECB-5F3B-4C3D-BAE0-018AA1734034}"
EndProject
Project("{9A19103F-16F7-4668-BE54-9A1E7A4F7556}") = "EntityLayer", "EntityLayer\EntityLayer.csproj", "{70260308-FE72-4E25-936B-CD6443D515EC}"
EndProject
Project("{9A19103F-16F7-4668-BE54-9A1E7A4F7556}") = "DataAccessLayer", "DataAccessLayer\DataAccessLayer.csproj", "{775E5519-7591-43AE-9D45-3DE157BA68E2}"
EndProject
Project("{9A19103F-16F7-4668-BE54-9A1E7A4F7556}") = "BusinessLayer", "BusinessLayer\BusinessLayer.csproj", "{0873BF0F-B672-476F-BADD-372A20595423}"
EndProject
Project("{FAE04EC0-301F-11D3-BF4B-00C04F79EFBC}") = "JWTDapper.API", "JWTDapper.API\JWTDapper.API.csproj", "{6082A1ED-35C0-4088-9E36-DC9D5C01DB42}"
EndProject
Project("{FAE04EC0-301F-11D3-BF4B-00C04F79EFBC}") = "DapperNLayer.UI", "DapperNLayer.UI\DapperNLayer.UI.csproj", "{50AC3D23-E24D-473E-800E-2C095C21CA33}"
EndProject
Global
	GlobalSection(SolutionConfigurationPlatforms) = preSolution
		Debug|Any CPU = Debug|Any CPU
		Release|Any CPU = Release|Any CPU
	EndGlobalSection
	GlobalSection(ProjectConfigurationPlatforms) = postSolution
		{BE378ECB-5F3B-4C3D-BAE0-018AA1734034}.Debug|Any CPU.ActiveCfg = Debug|Any CPU
		{BE378ECB-5F3B-4C3D-BAE0-018AA1734034}.Debug|Any CPU.Build.0 = Debug|Any CPU
		{BE378ECB-5F3B-4C3D-BAE0-018AA1734034}.Release|Any CPU.ActiveCfg = Release|Any CPU
		{BE378ECB-5F3B-4C3D-BAE0-018AA1734034}.Release|Any CPU.Build.0 = Release|Any CPU
		{70260308-FE72-4E25-936B-CD6443D515EC}.Debug|Any CPU.ActiveCfg = Debug|Any CPU
		{70260308-FE72-4E25-936B-CD6443D515EC}.Debug|Any CPU.Build.0 = Debug|Any CPU
		{70260308-FE72-4E25-936B-CD6443D515EC}.Release|Any CPU.ActiveCfg = Release|Any CPU
		{70260308-FE72-4E25-936B-CD6443D515EC}.Release|Any CPU.Build.0 = Release|Any CPU
		{775E5519-7591-43AE-9D45-3DE157BA68E2}.Debug|Any CPU.ActiveCfg = Debug|Any CPU
		{775E5519-7591-43AE-9D45-3DE157BA68E2}.Debug|Any CPU.Build.0 = Debug|Any CPU
		{775E5519-7591-43AE-9D45-3DE157BA68E2}.Release|Any CPU.ActiveCfg = Release|Any CPU
		{775E5519-7591-43AE-9D45-3DE157BA68E2}.Release|Any CPU.Build.0 = Release|Any CPU
		{0873BF0F-B672-476F-BADD-372A20595423}.Debug|Any CPU.ActiveCfg = Debug|Any CPU
		{0873BF0F-B672-476F-BADD-372A20595423}.Debug|Any CPU.Build.0 = Debug|Any CPU
		{0873BF0F-B672-476F-BADD-372A20595423}.Release|Any CPU.ActiveCfg = Release|Any CPU
		{0873BF0F-B672-476F-BADD-372A20595423}.Release|Any CPU.Build.0 = Release|Any CPU
		{6082A1ED-35C0-4088-9E36-DC9D5C01DB42}.Debug|Any CPU.ActiveCfg = Debug|Any CPU
		{6082A1ED-35C0-4088-9E36-DC9D5C01DB42}.Debug|Any CPU.Build.0 = Debug|Any CPU
		{6082A1ED-35C0-4088-9E36-DC9D5C01DB42}.Release|Any CPU.ActiveCfg = Release|Any CPU
		{6082A1ED-35C0-4088-9E36-DC9D5C01DB42}.Release|Any CPU.Build.0 = Release|Any CPU
		{50AC3D23-E24D-473E-800E-2C095C21CA33}.Debug|Any CPU.ActiveCfg = Debug|Any CPU
		{50AC3D23-E24D-473E-800E-2C095C21CA33}.Debug|Any CPU.Build.0 = Debug|Any CPU
		{50AC3D23-E24D-473E-800E-2C095C21CA33}.Release|Any CPU.ActiveCfg = Release|Any CPU
		{50AC3D23-E24D-473E-800E-2C095C21CA33}.Release|Any CPU.Build.0 = Release|Any CPU
	EndGlobalSection
	GlobalSection(SolutionProperties) = preSolution
		HideSolutionNode = FALSE
	EndGlobalSection
	GlobalSection(ExtensibilityGlobals) = postSolution
		SolutionGuid = {A89E3ABC-5F11-4A94-A709-22A85BE5FE07}
	EndGlobalSection
EndGlobal
